
Microsoft Visual Studio Solution File, Format Version 12.00
# Visual Studio Version 17
VisualStudioVersion = 17.7.34024.191
MinimumVisualStudioVersion = 10.0.40219.1
Project("{FAE04EC0-301F-11D3-BF4B-00C04F79EFBC}") = "Twitter", "Twitter\Twitter.csproj", "{42019DA2-F758-45CB-A184-7308CE5EDFED}"
EndProject
Global
	GlobalSection(SolutionConfigurationPlatforms) = preSolution
		Debug|Any CPU = Debug|Any CPU
		Release|Any CPU = Release|Any CPU
	EndGlobalSection
	GlobalSection(ProjectConfigurationPlatforms) = postSolution
		{42019DA2-F758-45CB-A184-7308CE5EDFED}.Debug|Any CPU.ActiveCfg = Debug|Any CPU
		{42019DA2-F758-45CB-A184-7308CE5EDFED}.Debug|Any CPU.Build.0 = Debug|Any CPU
		{42019DA2-F758-45CB-A184-7308CE5EDFED}.Release|Any CPU.ActiveCfg = Release|Any CPU
		{42019DA2-F758-45CB-A184-7308CE5EDFED}.Release|Any CPU.Build.0 = Release|Any CPU
	EndGlobalSection
	GlobalSection(SolutionProperties) = preSolution
		HideSolutionNode = FALSE
	EndGlobalSection
	GlobalSection(ExtensibilityGlobals) = postSolution
		SolutionGuid = {BCD2D818-AEC3-4038-9F13-6F85B0ED17F0}
	EndGlobalSection
EndGlobal
